
Microsoft Visual Studio Solution File, Format Version 12.00
# Visual Studio Version 16
VisualStudioVersion = 16.0.29519.181
MinimumVisualStudioVersion = 10.0.40219.1
Project("{9A19103F-16F7-4668-BE54-9A1E7A4F7556}") = "ConfArch.Web", "ConfArch.Web\ConfArch.Web.csproj", "{EA03F817-A5C4-47C5-8871-6285ECD89F92}"
EndProject
Project("{9A19103F-16F7-4668-BE54-9A1E7A4F7556}") = "ConfArch.Data", "ConfArch.Data\ConfArch.Data.csproj", "{14E4D674-BA78-4852-964B-232CB72E96BD}"
EndProject
Project("{9A19103F-16F7-4668-BE54-9A1E7A4F7556}") = "IdentityExploration", "IdentityExploration\IdentityExploration.csproj", "{520CA4DA-49D3-4972-900A-4CC0CB3325B1}"
EndProject
Project("{9A19103F-16F7-4668-BE54-9A1E7A4F7556}") = "ConfArch.IdentityProvider", "ConfArch.IdentityProvider\ConfArch.IdentityProvider.csproj", "{23156BE4-D637-4BB6-8E34-DA5088671376}"
EndProject
Project("{9A19103F-16F7-4668-BE54-9A1E7A4F7556}") = "ConfArch.Api", "ConfArch.Api\ConfArch.Api.csproj", "{8DD5F21F-6784-40F2-BCF8-EB9FB50A9DD7}"
EndProject
Global
	GlobalSection(SolutionConfigurationPlatforms) = preSolution
		Debug|Any CPU = Debug|Any CPU
		Release|Any CPU = Release|Any CPU
	EndGlobalSection
	GlobalSection(ProjectConfigurationPlatforms) = postSolution
		{EA03F817-A5C4-47C5-8871-6285ECD89F92}.Debug|Any CPU.ActiveCfg = Debug|Any CPU
		{EA03F817-A5C4-47C5-8871-6285ECD89F92}.Debug|Any CPU.Build.0 = Debug|Any CPU
		{EA03F817-A5C4-47C5-8871-6285ECD89F92}.Release|Any CPU.ActiveCfg = Release|Any CPU
		{EA03F817-A5C4-47C5-8871-6285ECD89F92}.Release|Any CPU.Build.0 = Release|Any CPU
		{14E4D674-BA78-4852-964B-232CB72E96BD}.Debug|Any CPU.ActiveCfg = Debug|Any CPU
		{14E4D674-BA78-4852-964B-232CB72E96BD}.Debug|Any CPU.Build.0 = Debug|Any CPU
		{14E4D674-BA78-4852-964B-232CB72E96BD}.Release|Any CPU.ActiveCfg = Release|Any CPU
		{14E4D674-BA78-4852-964B-232CB72E96BD}.Release|Any CPU.Build.0 = Release|Any CPU
		{520CA4DA-49D3-4972-900A-4CC0CB3325B1}.Debug|Any CPU.ActiveCfg = Debug|Any CPU
		{520CA4DA-49D3-4972-900A-4CC0CB3325B1}.Debug|Any CPU.Build.0 = Debug|Any CPU
		{520CA4DA-49D3-4972-900A-4CC0CB3325B1}.Release|Any CPU.ActiveCfg = Release|Any CPU
		{520CA4DA-49D3-4972-900A-4CC0CB3325B1}.Release|Any CPU.Build.0 = Release|Any CPU
		{23156BE4-D637-4BB6-8E34-DA5088671376}.Debug|Any CPU.ActiveCfg = Debug|Any CPU
		{23156BE4-D637-4BB6-8E34-DA5088671376}.Debug|Any CPU.Build.0 = Debug|Any CPU
		{23156BE4-D637-4BB6-8E34-DA5088671376}.Release|Any CPU.ActiveCfg = Release|Any CPU
		{23156BE4-D637-4BB6-8E34-DA5088671376}.Release|Any CPU.Build.0 = Release|Any CPU
		{8DD5F21F-6784-40F2-BCF8-EB9FB50A9DD7}.Debug|Any CPU.ActiveCfg = Debug|Any CPU
		{8DD5F21F-6784-40F2-BCF8-EB9FB50A9DD7}.Debug|Any CPU.Build.0 = Debug|Any CPU
		{8DD5F21F-6784-40F2-BCF8-EB9FB50A9DD7}.Release|Any CPU.ActiveCfg = Release|Any CPU
		{8DD5F21F-6784-40F2-BCF8-EB9FB50A9DD7}.Release|Any CPU.Build.0 = Release|Any CPU
	EndGlobalSection
	GlobalSection(SolutionProperties) = preSolution
		HideSolutionNode = FALSE
	EndGlobalSection
	GlobalSection(ExtensibilityGlobals) = postSolution
		SolutionGuid = {3950371E-0AB6-4977-BB64-09E3803660F3}
	EndGlobalSection
EndGlobal
